
Microsoft Visual Studio Solution File, Format Version 12.00
# Visual Studio Version 17
VisualStudioVersion = 17.0.31903.59
MinimumVisualStudioVersion = 10.0.40219.1
Project("{FAE04EC0-301F-11D3-BF4B-00C04F79EFBC}") = "Dominio", "Dominio\Dominio.csproj", "{3DF27E0A-EB52-4C09-B3EE-F1B65437BDF0}"
EndProject
Project("{FAE04EC0-301F-11D3-BF4B-00C04F79EFBC}") = "Persistencia", "Persistencia\Persistencia.csproj", "{4088D1D9-F45F-4BC2-938B-B6994FD49E02}"
EndProject
Project("{FAE04EC0-301F-11D3-BF4B-00C04F79EFBC}") = "ApiIncidencias", "ApiIncidencias\ApiIncidencias.csproj", "{2C9028B9-0FC9-4B12-A102-A2ED392258E5}"
EndProject
Global
	GlobalSection(SolutionConfigurationPlatforms) = preSolution
		Debug|Any CPU = Debug|Any CPU
		Release|Any CPU = Release|Any CPU
	EndGlobalSection
	GlobalSection(SolutionProperties) = preSolution
		HideSolutionNode = FALSE
	EndGlobalSection
	GlobalSection(ProjectConfigurationPlatforms) = postSolution
		{3DF27E0A-EB52-4C09-B3EE-F1B65437BDF0}.Debug|Any CPU.ActiveCfg = Debug|Any CPU
		{3DF27E0A-EB52-4C09-B3EE-F1B65437BDF0}.Debug|Any CPU.Build.0 = Debug|Any CPU
		{3DF27E0A-EB52-4C09-B3EE-F1B65437BDF0}.Release|Any CPU.ActiveCfg = Release|Any CPU
		{3DF27E0A-EB52-4C09-B3EE-F1B65437BDF0}.Release|Any CPU.Build.0 = Release|Any CPU
		{4088D1D9-F45F-4BC2-938B-B6994FD49E02}.Debug|Any CPU.ActiveCfg = Debug|Any CPU
		{4088D1D9-F45F-4BC2-938B-B6994FD49E02}.Debug|Any CPU.Build.0 = Debug|Any CPU
		{4088D1D9-F45F-4BC2-938B-B6994FD49E02}.Release|Any CPU.ActiveCfg = Release|Any CPU
		{4088D1D9-F45F-4BC2-938B-B6994FD49E02}.Release|Any CPU.Build.0 = Release|Any CPU
		{2C9028B9-0FC9-4B12-A102-A2ED392258E5}.Debug|Any CPU.ActiveCfg = Debug|Any CPU
		{2C9028B9-0FC9-4B12-A102-A2ED392258E5}.Debug|Any CPU.Build.0 = Debug|Any CPU
		{2C9028B9-0FC9-4B12-A102-A2ED392258E5}.Release|Any CPU.ActiveCfg = Release|Any CPU
		{2C9028B9-0FC9-4B12-A102-A2ED392258E5}.Release|Any CPU.Build.0 = Release|Any CPU
	EndGlobalSection
EndGlobal
